// !$*UTF8*$!
{
	archiveVersion = 1;
	classes = {
	};
	objectVersion = 56;
	objects = {

/* Begin PBXBuildFile section */
		8318EEA110A5DE1F1C9987DC /* Pods_Budgetify.framework in Frameworks */ = {isa = PBXBuildFile; fileRef = 10FD80EF36619B420EB37565 /* Pods_Budgetify.framework */; };
		F7010F39299BB326002F318F /* Transaction.swift in Sources */ = {isa = PBXBuildFile; fileRef = F7010F38299BB326002F318F /* Transaction.swift */; };
		F7010F3B299BBD73002F318F /* GoogleService-Info.plist in Resources */ = {isa = PBXBuildFile; fileRef = F7010F3A299BBD73002F318F /* GoogleService-Info.plist */; };
		F7010F3D299BC1C9002F318F /* Constants.swift in Sources */ = {isa = PBXBuildFile; fileRef = F7010F3C299BC1C9002F318F /* Constants.swift */; };
		F7192CCD299D3C7800019524 /* Extension.swift in Sources */ = {isa = PBXBuildFile; fileRef = F7192CCC299D3C7800019524 /* Extension.swift */; };
		F71B287D29978B8B00DF297F /* AppDelegate.swift in Sources */ = {isa = PBXBuildFile; fileRef = F71B287C29978B8B00DF297F /* AppDelegate.swift */; };
		F71B287F29978B8B00DF297F /* SceneDelegate.swift in Sources */ = {isa = PBXBuildFile; fileRef = F71B287E29978B8B00DF297F /* SceneDelegate.swift */; };
		F71B288129978B8B00DF297F /* HomeViewController.swift in Sources */ = {isa = PBXBuildFile; fileRef = F71B288029978B8B00DF297F /* HomeViewController.swift */; };
		F71B288429978B8B00DF297F /* Main.storyboard in Resources */ = {isa = PBXBuildFile; fileRef = F71B288229978B8B00DF297F /* Main.storyboard */; };
		F71B288929978B8C00DF297F /* Assets.xcassets in Resources */ = {isa = PBXBuildFile; fileRef = F71B288829978B8C00DF297F /* Assets.xcassets */; };
		F71B288C29978B8C00DF297F /* LaunchScreen.storyboard in Resources */ = {isa = PBXBuildFile; fileRef = F71B288A29978B8C00DF297F /* LaunchScreen.storyboard */; };
		F72056F4299A20F9004D87CE /* TransactionTableViewCell.swift in Sources */ = {isa = PBXBuildFile; fileRef = F72056F2299A20F9004D87CE /* TransactionTableViewCell.swift */; };
		F72056F5299A20F9004D87CE /* TransactionTableViewCell.xib in Resources */ = {isa = PBXBuildFile; fileRef = F72056F3299A20F9004D87CE /* TransactionTableViewCell.xib */; };
		F729FEE62998A7BC00447DA8 /* AddViewController.swift in Sources */ = {isa = PBXBuildFile; fileRef = F729FEE52998A7BC00447DA8 /* AddViewController.swift */; };
		F7BE364C2997A9F800F7F528 /* CustomTabBarVC.swift in Sources */ = {isa = PBXBuildFile; fileRef = F7BE364B2997A9F800F7F528 /* CustomTabBarVC.swift */; };
/* End PBXBuildFile section */

/* Begin PBXFileReference section */
		10FD80EF36619B420EB37565 /* Pods_Budgetify.framework */ = {isa = PBXFileReference; explicitFileType = wrapper.framework; includeInIndex = 0; path = Pods_Budgetify.framework; sourceTree = BUILT_PRODUCTS_DIR; };
		12A99FFBB303E9E9D4C95E90 /* Pods-Budgetify.debug.xcconfig */ = {isa = PBXFileReference; includeInIndex = 1; lastKnownFileType = text.xcconfig; name = "Pods-Budgetify.debug.xcconfig"; path = "Target Support Files/Pods-Budgetify/Pods-Budgetify.debug.xcconfig"; sourceTree = "<group>"; };
		87AA54E5F2651B33E0BFB163 /* Pods-Budgetify.release.xcconfig */ = {isa = PBXFileReference; includeInIndex = 1; lastKnownFileType = text.xcconfig; name = "Pods-Budgetify.release.xcconfig"; path = "Target Support Files/Pods-Budgetify/Pods-Budgetify.release.xcconfig"; sourceTree = "<group>"; };
		F7010F38299BB326002F318F /* Transaction.swift */ = {isa = PBXFileReference; lastKnownFileType = sourcecode.swift; path = Transaction.swift; sourceTree = "<group>"; };
		F7010F3A299BBD73002F318F /* GoogleService-Info.plist */ = {isa = PBXFileReference; fileEncoding = 4; lastKnownFileType = text.plist.xml; path = "GoogleService-Info.plist"; sourceTree = "<group>"; };
		F7010F3C299BC1C9002F318F /* Constants.swift */ = {isa = PBXFileReference; lastKnownFileType = sourcecode.swift; path = Constants.swift; sourceTree = "<group>"; };
		F7192CCC299D3C7800019524 /* Extension.swift */ = {isa = PBXFileReference; lastKnownFileType = sourcecode.swift; path = Extension.swift; sourceTree = "<group>"; };
		F71B287929978B8B00DF297F /* Budgetify.app */ = {isa = PBXFileReference; explicitFileType = wrapper.application; includeInIndex = 0; path = Budgetify.app; sourceTree = BUILT_PRODUCTS_DIR; };
		F71B287C29978B8B00DF297F /* AppDelegate.swift */ = {isa = PBXFileReference; lastKnownFileType = sourcecode.swift; path = AppDelegate.swift; sourceTree = "<group>"; };
		F71B287E29978B8B00DF297F /* SceneDelegate.swift */ = {isa = PBXFileReference; lastKnownFileType = sourcecode.swift; path = SceneDelegate.swift; sourceTree = "<group>"; };
		F71B288029978B8B00DF297F /* HomeViewController.swift */ = {isa = PBXFileReference; lastKnownFileType = sourcecode.swift; path = HomeViewController.swift; sourceTree = "<group>"; };
		F71B288329978B8B00DF297F /* Base */ = {isa = PBXFileReference; lastKnownFileType = file.storyboard; name = Base; path = Base.lproj/Main.storyboard; sourceTree = "<group>"; };
		F71B288829978B8C00DF297F /* Assets.xcassets */ = {isa = PBXFileReference; lastKnownFileType = folder.assetcatalog; path = Assets.xcassets; sourceTree = "<group>"; };
		F71B288B29978B8C00DF297F /* Base */ = {isa = PBXFileReference; lastKnownFileType = file.storyboard; name = Base; path = Base.lproj/LaunchScreen.storyboard; sourceTree = "<group>"; };
		F71B288D29978B8C00DF297F /* Info.plist */ = {isa = PBXFileReference; lastKnownFileType = text.plist.xml; path = Info.plist; sourceTree = "<group>"; };
		F72056F2299A20F9004D87CE /* TransactionTableViewCell.swift */ = {isa = PBXFileReference; lastKnownFileType = sourcecode.swift; path = TransactionTableViewCell.swift; sourceTree = "<group>"; };
		F72056F3299A20F9004D87CE /* TransactionTableViewCell.xib */ = {isa = PBXFileReference; lastKnownFileType = file.xib; path = TransactionTableViewCell.xib; sourceTree = "<group>"; };
		F729FEE52998A7BC00447DA8 /* AddViewController.swift */ = {isa = PBXFileReference; lastKnownFileType = sourcecode.swift; path = AddViewController.swift; sourceTree = "<group>"; };
		F7BE364B2997A9F800F7F528 /* CustomTabBarVC.swift */ = {isa = PBXFileReference; lastKnownFileType = sourcecode.swift; path = CustomTabBarVC.swift; sourceTree = "<group>"; };
/* End PBXFileReference section */

/* Begin PBXFrameworksBuildPhase section */
		F71B287629978B8B00DF297F /* Frameworks */ = {
			isa = PBXFrameworksBuildPhase;
			buildActionMask = 2147483647;
			files = (
				8318EEA110A5DE1F1C9987DC /* Pods_Budgetify.framework in Frameworks */,
			);
			runOnlyForDeploymentPostprocessing = 0;
		};
/* End PBXFrameworksBuildPhase section */

/* Begin PBXGroup section */
		62D6F83AE1C80888A2E8ACB4 /* Frameworks */ = {
			isa = PBXGroup;
			children = (
				10FD80EF36619B420EB37565 /* Pods_Budgetify.framework */,
			);
			name = Frameworks;
			sourceTree = "<group>";
		};
		9C5E9EABE15865C68FE3C438 /* Pods */ = {
			isa = PBXGroup;
			children = (
				12A99FFBB303E9E9D4C95E90 /* Pods-Budgetify.debug.xcconfig */,
				87AA54E5F2651B33E0BFB163 /* Pods-Budgetify.release.xcconfig */,
			);
			path = Pods;
			sourceTree = "<group>";
		};
		F7192CCB299D3C6200019524 /* Extension */ = {
			isa = PBXGroup;
			children = (
				F7192CCC299D3C7800019524 /* Extension.swift */,
			);
			path = Extension;
			sourceTree = "<group>";
		};
		F71B287029978B8B00DF297F = {
			isa = PBXGroup;
			children = (
				F71B287B29978B8B00DF297F /* Budgetify */,
				F71B287A29978B8B00DF297F /* Products */,
				9C5E9EABE15865C68FE3C438 /* Pods */,
				62D6F83AE1C80888A2E8ACB4 /* Frameworks */,
			);
			sourceTree = "<group>";
		};
		F71B287A29978B8B00DF297F /* Products */ = {
			isa = PBXGroup;
			children = (
				F71B287929978B8B00DF297F /* Budgetify.app */,
			);
			name = Products;
			sourceTree = "<group>";
		};
		F71B287B29978B8B00DF297F /* Budgetify */ = {
			isa = PBXGroup;
			children = (
				F71B287C29978B8B00DF297F /* AppDelegate.swift */,
				F71B287E29978B8B00DF297F /* SceneDelegate.swift */,
				F729FEE42998A77E00447DA8 /* Model */,
				F729FEE32998A77000447DA8 /* View */,
				F729FEE22998A76600447DA8 /* Controller */,
				F7192CCB299D3C6200019524 /* Extension */,
				F71B288829978B8C00DF297F /* Assets.xcassets */,
				F71B288A29978B8C00DF297F /* LaunchScreen.storyboard */,
				F7010F3A299BBD73002F318F /* GoogleService-Info.plist */,
				F71B288D29978B8C00DF297F /* Info.plist */,
				F7010F3C299BC1C9002F318F /* Constants.swift */,
			);
			path = Budgetify;
			sourceTree = "<group>";
		};
		F729FEE22998A76600447DA8 /* Controller */ = {
			isa = PBXGroup;
			children = (
				F71B288029978B8B00DF297F /* HomeViewController.swift */,
				F729FEE52998A7BC00447DA8 /* AddViewController.swift */,
			);
			path = Controller;
			sourceTree = "<group>";
		};
		F729FEE32998A77000447DA8 /* View */ = {
			isa = PBXGroup;
			children = (
				F7BE364B2997A9F800F7F528 /* CustomTabBarVC.swift */,
				F71B288229978B8B00DF297F /* Main.storyboard */,
				F72056F2299A20F9004D87CE /* TransactionTableViewCell.swift */,
				F72056F3299A20F9004D87CE /* TransactionTableViewCell.xib */,
			);
			path = View;
			sourceTree = "<group>";
		};
		F729FEE42998A77E00447DA8 /* Model */ = {
			isa = PBXGroup;
			children = (
				F7010F38299BB326002F318F /* Transaction.swift */,
			);
			path = Model;
			sourceTree = "<group>";
		};
/* End PBXGroup section */

/* Begin PBXNativeTarget section */
		F71B287829978B8B00DF297F /* Budgetify */ = {
			isa = PBXNativeTarget;
			buildConfigurationList = F71B289029978B8C00DF297F /* Build configuration list for PBXNativeTarget "Budgetify" */;
			buildPhases = (
				1E074A9F119E31D308FED599 /* [CP] Check Pods Manifest.lock */,
				F71B287529978B8B00DF297F /* Sources */,
				F71B287629978B8B00DF297F /* Frameworks */,
				F71B287729978B8B00DF297F /* Resources */,
				9E973969F6677BA8E7D070F3 /* [CP] Embed Pods Frameworks */,
			);
			buildRules = (
			);
			dependencies = (
			);
			name = Budgetify;
			productName = Budgetify;
			productReference = F71B287929978B8B00DF297F /* Budgetify.app */;
			productType = "com.apple.product-type.application";
		};
/* End PBXNativeTarget section */

/* Begin PBXProject section */
		F71B287129978B8B00DF297F /* Project object */ = {
			isa = PBXProject;
			attributes = {
				BuildIndependentTargetsInParallel = 1;
				LastSwiftUpdateCheck = 1400;
				LastUpgradeCheck = 1400;
				TargetAttributes = {
					F71B287829978B8B00DF297F = {
						CreatedOnToolsVersion = 14.0;
					};
				};
			};
			buildConfigurationList = F71B287429978B8B00DF297F /* Build configuration list for PBXProject "Budgetify" */;
			compatibilityVersion = "Xcode 14.0";
			developmentRegion = en;
			hasScannedForEncodings = 0;
			knownRegions = (
				en,
				Base,
			);
			mainGroup = F71B287029978B8B00DF297F;
			productRefGroup = F71B287A29978B8B00DF297F /* Products */;
			projectDirPath = "";
			projectRoot = "";
			targets = (
				F71B287829978B8B00DF297F /* Budgetify */,
			);
		};
/* End PBXProject section */

/* Begin PBXResourcesBuildPhase section */
		F71B287729978B8B00DF297F /* Resources */ = {
			isa = PBXResourcesBuildPhase;
			buildActionMask = 2147483647;
			files = (
				F71B288C29978B8C00DF297F /* LaunchScreen.storyboard in Resources */,
				F71B288929978B8C00DF297F /* Assets.xcassets in Resources */,
				F7010F3B299BBD73002F318F /* GoogleService-Info.plist in Resources */,
				F72056F5299A20F9004D87CE /* TransactionTableViewCell.xib in Resources */,
				F71B288429978B8B00DF297F /* Main.storyboard in Resources */,
			);
			runOnlyForDeploymentPostprocessing = 0;
		};
/* End PBXResourcesBuildPhase section */

/* Begin PBXShellScriptBuildPhase section */
		1E074A9F119E31D308FED599 /* [CP] Check Pods Manifest.lock */ = {
			isa = PBXShellScriptBuildPhase;
			buildActionMask = 2147483647;
			files = (
			);
			inputFileListPaths = (
			);
			inputPaths = (
				"${PODS_PODFILE_DIR_PATH}/Podfile.lock",
				"${PODS_ROOT}/Manifest.lock",
			);
			name = "[CP] Check Pods Manifest.lock";
			outputFileListPaths = (
			);
			outputPaths = (
				"$(DERIVED_FILE_DIR)/Pods-Budgetify-checkManifestLockResult.txt",
			);
			runOnlyForDeploymentPostprocessing = 0;
			shellPath = /bin/sh;
			shellScript = "diff \"${PODS_PODFILE_DIR_PATH}/Podfile.lock\" \"${PODS_ROOT}/Manifest.lock\" > /dev/null\nif [ $? != 0 ] ; then\n    # print error to STDERR\n    echo \"error: The sandbox is not in sync with the Podfile.lock. Run 'pod install' or update your CocoaPods installation.\" >&2\n    exit 1\nfi\n# This output is used by Xcode 'outputs' to avoid re-running this script phase.\necho \"SUCCESS\" > \"${SCRIPT_OUTPUT_FILE_0}\"\n";
			showEnvVarsInLog = 0;
		};
		9E973969F6677BA8E7D070F3 /* [CP] Embed Pods Frameworks */ = {
			isa = PBXShellScriptBuildPhase;
			buildActionMask = 2147483647;
			files = (
			);
			inputFileListPaths = (
				"${PODS_ROOT}/Target Support Files/Pods-Budgetify/Pods-Budgetify-frameworks-${CONFIGURATION}-input-files.xcfilelist",
			);
			name = "[CP] Embed Pods Frameworks";
			outputFileListPaths = (
				"${PODS_ROOT}/Target Support Files/Pods-Budgetify/Pods-Budgetify-frameworks-${CONFIGURATION}-output-files.xcfilelist",
			);
			runOnlyForDeploymentPostprocessing = 0;
			shellPath = /bin/sh;
			shellScript = "\"${PODS_ROOT}/Target Support Files/Pods-Budgetify/Pods-Budgetify-frameworks.sh\"\n";
			showEnvVarsInLog = 0;
		};
/* End PBXShellScriptBuildPhase section */

/* Begin PBXSourcesBuildPhase section */
		F71B287529978B8B00DF297F /* Sources */ = {
			isa = PBXSourcesBuildPhase;
			buildActionMask = 2147483647;
			files = (
				F7192CCD299D3C7800019524 /* Extension.swift in Sources */,
				F7BE364C2997A9F800F7F528 /* CustomTabBarVC.swift in Sources */,
				F72056F4299A20F9004D87CE /* TransactionTableViewCell.swift in Sources */,
				F7010F39299BB326002F318F /* Transaction.swift in Sources */,
				F71B288129978B8B00DF297F /* HomeViewController.swift in Sources */,
				F729FEE62998A7BC00447DA8 /* AddViewController.swift in Sources */,
				F71B287D29978B8B00DF297F /* AppDelegate.swift in Sources */,
				F71B287F29978B8B00DF297F /* SceneDelegate.swift in Sources */,
				F7010F3D299BC1C9002F318F /* Constants.swift in Sources */,
			);
			runOnlyForDeploymentPostprocessing = 0;
		};
/* End PBXSourcesBuildPhase section */

/* Begin PBXVariantGroup section */
		F71B288229978B8B00DF297F /* Main.storyboard */ = {
			isa = PBXVariantGroup;
			children = (
				F71B288329978B8B00DF297F /* Base */,
			);
			name = Main.storyboard;
			sourceTree = "<group>";
		};
		F71B288A29978B8C00DF297F /* LaunchScreen.storyboard */ = {
			isa = PBXVariantGroup;
			children = (
				F71B288B29978B8C00DF297F /* Base */,
			);
			name = LaunchScreen.storyboard;
			sourceTree = "<group>";
		};
/* End PBXVariantGroup section */

/* Begin XCBuildConfiguration section */
		F71B288E29978B8C00DF297F /* Debug */ = {
			isa = XCBuildConfiguration;
			buildSettings = {
				ALWAYS_SEARCH_USER_PATHS = NO;
				CLANG_ANALYZER_NONNULL = YES;
				CLANG_ANALYZER_NUMBER_OBJECT_CONVERSION = YES_AGGRESSIVE;
				CLANG_CXX_LANGUAGE_STANDARD = "gnu++20";
				CLANG_ENABLE_MODULES = YES;
				CLANG_ENABLE_OBJC_ARC = YES;
				CLANG_ENABLE_OBJC_WEAK = YES;
				CLANG_WARN_BLOCK_CAPTURE_AUTORELEASING = YES;
				CLANG_WARN_BOOL_CONVERSION = YES;
				CLANG_WARN_COMMA = YES;
				CLANG_WARN_CONSTANT_CONVERSION = YES;
				CLANG_WARN_DEPRECATED_OBJC_IMPLEMENTATIONS = YES;
				CLANG_WARN_DIRECT_OBJC_ISA_USAGE = YES_ERROR;
				CLANG_WARN_DOCUMENTATION_COMMENTS = YES;
				CLANG_WARN_EMPTY_BODY = YES;
				CLANG_WARN_ENUM_CONVERSION = YES;
				CLANG_WARN_INFINITE_RECURSION = YES;
				CLANG_WARN_INT_CONVERSION = YES;
				CLANG_WARN_NON_LITERAL_NULL_CONVERSION = YES;
				CLANG_WARN_OBJC_IMPLICIT_RETAIN_SELF = YES;
				CLANG_WARN_OBJC_LITERAL_CONVERSION = YES;
				CLANG_WARN_OBJC_ROOT_CLASS = YES_ERROR;
				CLANG_WARN_QUOTED_INCLUDE_IN_FRAMEWORK_HEADER = YES;
				CLANG_WARN_RANGE_LOOP_ANALYSIS = YES;
				CLANG_WARN_STRICT_PROTOTYPES = YES;
				CLANG_WARN_SUSPICIOUS_MOVE = YES;
				CLANG_WARN_UNGUARDED_AVAILABILITY = YES_AGGRESSIVE;
				CLANG_WARN_UNREACHABLE_CODE = YES;
				CLANG_WARN__DUPLICATE_METHOD_MATCH = YES;
				COPY_PHASE_STRIP = NO;
				DEBUG_INFORMATION_FORMAT = dwarf;
				ENABLE_STRICT_OBJC_MSGSEND = YES;
				ENABLE_TESTABILITY = YES;
				GCC_C_LANGUAGE_STANDARD = gnu11;
				GCC_DYNAMIC_NO_PIC = NO;
				GCC_NO_COMMON_BLOCKS = YES;
				GCC_OPTIMIZATION_LEVEL = 0;
				GCC_PREPROCESSOR_DEFINITIONS = (
					"DEBUG=1",
					"$(inherited)",
				);
				GCC_WARN_64_TO_32_BIT_CONVERSION = YES;
				GCC_WARN_ABOUT_RETURN_TYPE = YES_ERROR;
				GCC_WARN_UNDECLARED_SELECTOR = YES;
				GCC_WARN_UNINITIALIZED_AUTOS = YES_AGGRESSIVE;
				GCC_WARN_UNUSED_FUNCTION = YES;
				GCC_WARN_UNUSED_VARIABLE = YES;
				IPHONEOS_DEPLOYMENT_TARGET = 16.0;
				MTL_ENABLE_DEBUG_INFO = INCLUDE_SOURCE;
				MTL_FAST_MATH = YES;
				ONLY_ACTIVE_ARCH = YES;
				SDKROOT = iphoneos;
				SWIFT_ACTIVE_COMPILATION_CONDITIONS = DEBUG;
				SWIFT_OPTIMIZATION_LEVEL = "-Onone";
			};
			name = Debug;
		};
		F71B288F29978B8C00DF297F /* Release */ = {
			isa = XCBuildConfiguration;
			buildSettings = {
				ALWAYS_SEARCH_USER_PATHS = NO;
				CLANG_ANALYZER_NONNULL = YES;
				CLANG_ANALYZER_NUMBER_OBJECT_CONVERSION = YES_AGGRESSIVE;
				CLANG_CXX_LANGUAGE_STANDARD = "gnu++20";
				CLANG_ENABLE_MODULES = YES;
				CLANG_ENABLE_OBJC_ARC = YES;
				CLANG_ENABLE_OBJC_WEAK = YES;
				CLANG_WARN_BLOCK_CAPTURE_AUTORELEASING = YES;
				CLANG_WARN_BOOL_CONVERSION = YES;
				CLANG_WARN_COMMA = YES;
				CLANG_WARN_CONSTANT_CONVERSION = YES;
				CLANG_WARN_DEPRECATED_OBJC_IMPLEMENTATIONS = YES;
				CLANG_WARN_DIRECT_OBJC_ISA_USAGE = YES_ERROR;
				CLANG_WARN_DOCUMENTATION_COMMENTS = YES;
				CLANG_WARN_EMPTY_BODY = YES;
				CLANG_WARN_ENUM_CONVERSION = YES;
				CLANG_WARN_INFINITE_RECURSION = YES;
				CLANG_WARN_INT_CONVERSION = YES;
				CLANG_WARN_NON_LITERAL_NULL_CONVERSION = YES;
				CLANG_WARN_OBJC_IMPLICIT_RETAIN_SELF = YES;
				CLANG_WARN_OBJC_LITERAL_CONVERSION = YES;
				CLANG_WARN_OBJC_ROOT_CLASS = YES_ERROR;
				CLANG_WARN_QUOTED_INCLUDE_IN_FRAMEWORK_HEADER = YES;
				CLANG_WARN_RANGE_LOOP_ANALYSIS = YES;
				CLANG_WARN_STRICT_PROTOTYPES = YES;
				CLANG_WARN_SUSPICIOUS_MOVE = YES;
				CLANG_WARN_UNGUARDED_AVAILABILITY = YES_AGGRESSIVE;
				CLANG_WARN_UNREACHABLE_CODE = YES;
				CLANG_WARN__DUPLICATE_METHOD_MATCH = YES;
				COPY_PHASE_STRIP = NO;
				DEBUG_INFORMATION_FORMAT = "dwarf-with-dsym";
				ENABLE_NS_ASSERTIONS = NO;
				ENABLE_STRICT_OBJC_MSGSEND = YES;
				GCC_C_LANGUAGE_STANDARD = gnu11;
				GCC_NO_COMMON_BLOCKS = YES;
				GCC_WARN_64_TO_32_BIT_CONVERSION = YES;
				GCC_WARN_ABOUT_RETURN_TYPE = YES_ERROR;
				GCC_WARN_UNDECLARED_SELECTOR = YES;
				GCC_WARN_UNINITIALIZED_AUTOS = YES_AGGRESSIVE;
				GCC_WARN_UNUSED_FUNCTION = YES;
				GCC_WARN_UNUSED_VARIABLE = YES;
				IPHONEOS_DEPLOYMENT_TARGET = 16.0;
				MTL_ENABLE_DEBUG_INFO = NO;
				MTL_FAST_MATH = YES;
				SDKROOT = iphoneos;
				SWIFT_COMPILATION_MODE = wholemodule;
				SWIFT_OPTIMIZATION_LEVEL = "-O";
				VALIDATE_PRODUCT = YES;
			};
			name = Release;
		};
		F71B289129978B8C00DF297F /* Debug */ = {
			isa = XCBuildConfiguration;
			baseConfigurationReference = 12A99FFBB303E9E9D4C95E90 /* Pods-Budgetify.debug.xcconfig */;
			buildSettings = {
				ASSETCATALOG_COMPILER_APPICON_NAME = AppIcon;
				ASSETCATALOG_COMPILER_GLOBAL_ACCENT_COLOR_NAME = AccentColor;
				CODE_SIGN_STYLE = Automatic;
				CURRENT_PROJECT_VERSION = 1;
				DEVELOPMENT_TEAM = 26823257QR;
				GENERATE_INFOPLIST_FILE = YES;
				INFOPLIST_FILE = Budgetify/Info.plist;
				INFOPLIST_KEY_UIApplicationSupportsIndirectInputEvents = YES;
				INFOPLIST_KEY_UILaunchStoryboardName = LaunchScreen;
				INFOPLIST_KEY_UIMainStoryboardFile = Main;
				INFOPLIST_KEY_UISupportedInterfaceOrientations_iPad = "UIInterfaceOrientationPortrait UIInterfaceOrientationPortraitUpsideDown UIInterfaceOrientationLandscapeLeft UIInterfaceOrientationLandscapeRight";
				INFOPLIST_KEY_UISupportedInterfaceOrientations_iPhone = "UIInterfaceOrientationPortrait UIInterfaceOrientationLandscapeLeft UIInterfaceOrientationLandscapeRight";
				LD_RUNPATH_SEARCH_PATHS = (
					"$(inherited)",
					"@executable_path/Frameworks",
				);
				MARKETING_VERSION = 1.0;
				PRODUCT_BUNDLE_IDENTIFIER = com.kpe.budgetify.Budgetify;
				PRODUCT_NAME = "$(TARGET_NAME)";
				SWIFT_EMIT_LOC_STRINGS = YES;
				SWIFT_VERSION = 5.0;
				TARGETED_DEVICE_FAMILY = "1,2";
			};
			name = Debug;
		};
		F71B289229978B8C00DF297F /* Release */ = {
			isa = XCBuildConfiguration;
			baseConfigurationReference = 87AA54E5F2651B33E0BFB163 /* Pods-Budgetify.release.xcconfig */;
			buildSettings = {
				ASSETCATALOG_COMPILER_APPICON_NAME = AppIcon;
				ASSETCATALOG_COMPILER_GLOBAL_ACCENT_COLOR_NAME = AccentColor;
				CODE_SIGN_STYLE = Automatic;
				CURRENT_PROJECT_VERSION = 1;
				DEVELOPMENT_TEAM = 26823257QR;
				GENERATE_INFOPLIST_FILE = YES;
				INFOPLIST_FILE = Budgetify/Info.plist;
				INFOPLIST_KEY_UIApplicationSupportsIndirectInputEvents = YES;
				INFOPLIST_KEY_UILaunchStoryboardName = LaunchScreen;
				INFOPLIST_KEY_UIMainStoryboardFile = Main;
				INFOPLIST_KEY_UISupportedInterfaceOrientations_iPad = "UIInterfaceOrientationPortrait UIInterfaceOrientationPortraitUpsideDown UIInterfaceOrientationLandscapeLeft UIInterfaceOrientationLandscapeRight";
				INFOPLIST_KEY_UISupportedInterfaceOrientations_iPhone = "UIInterfaceOrientationPortrait UIInterfaceOrientationLandscapeLeft UIInterfaceOrientationLandscapeRight";
				LD_RUNPATH_SEARCH_PATHS = (
					"$(inherited)",
					"@executable_path/Frameworks",
				);
				MARKETING_VERSION = 1.0;
				PRODUCT_BUNDLE_IDENTIFIER = com.kpe.budgetify.Budgetify;
				PRODUCT_NAME = "$(TARGET_NAME)";
				SWIFT_EMIT_LOC_STRINGS = YES;
				SWIFT_VERSION = 5.0;
				TARGETED_DEVICE_FAMILY = "1,2";
			};
			name = Release;
		};
/* End XCBuildConfiguration section */

/* Begin XCConfigurationList section */
		F71B287429978B8B00DF297F /* Build configuration list for PBXProject "Budgetify" */ = {
			isa = XCConfigurationList;
			buildConfigurations = (
				F71B288E29978B8C00DF297F /* Debug */,
				F71B288F29978B8C00DF297F /* Release */,
			);
			defaultConfigurationIsVisible = 0;
			defaultConfigurationName = Release;
		};
		F71B289029978B8C00DF297F /* Build configuration list for PBXNativeTarget "Budgetify" */ = {
			isa = XCConfigurationList;
			buildConfigurations = (
				F71B289129978B8C00DF297F /* Debug */,
				F71B289229978B8C00DF297F /* Release */,
			);
			defaultConfigurationIsVisible = 0;
			defaultConfigurationName = Release;
		};
/* End XCConfigurationList section */
	};
	rootObject = F71B287129978B8B00DF297F /* Project object */;
}
